
Microsoft Visual Studio Solution File, Format Version 12.00
# Visual Studio Version 16
VisualStudioVersion = 16.0.31729.503
MinimumVisualStudioVersion = 10.0.40219.1
Project("{FAE04EC0-301F-11D3-BF4B-00C04F79EFBC}") = "API_Demo", "API_Demo.csproj", "{B9A6A394-FEC8-440E-A04C-A10EDE8F508C}"
EndProject
Global
	GlobalSection(SolutionConfigurationPlatforms) = preSolution
		Debug|Any CPU = Debug|Any CPU
		Release|Any CPU = Release|Any CPU
	EndGlobalSection
	GlobalSection(ProjectConfigurationPlatforms) = postSolution
		{B9A6A394-FEC8-440E-A04C-A10EDE8F508C}.Debug|Any CPU.ActiveCfg = Debug|Any CPU
		{B9A6A394-FEC8-440E-A04C-A10EDE8F508C}.Debug|Any CPU.Build.0 = Debug|Any CPU
		{B9A6A394-FEC8-440E-A04C-A10EDE8F508C}.Release|Any CPU.ActiveCfg = Release|Any CPU
		{B9A6A394-FEC8-440E-A04C-A10EDE8F508C}.Release|Any CPU.Build.0 = Release|Any CPU
	EndGlobalSection
	GlobalSection(SolutionProperties) = preSolution
		HideSolutionNode = FALSE
	EndGlobalSection
	GlobalSection(ExtensibilityGlobals) = postSolution
		SolutionGuid = {F83D3A6F-1B94-4B60-B995-CF6404740A40}
	EndGlobalSection
EndGlobal
